
Microsoft Visual Studio Solution File, Format Version 12.00
# Visual Studio Version 17
VisualStudioVersion = 17.1.32104.313
MinimumVisualStudioVersion = 10.0.40219.1
Project("{9A19103F-16F7-4668-BE54-9A1E7A4F7556}") = "Password Generator", "Password Generator\Password Generator.csproj", "{F1B70810-6B69-4866-B580-1BCD528EC65E}"
EndProject
Project("{FAE04EC0-301F-11D3-BF4B-00C04F79EFBC}") = "Password Generator WinForms", "Password Generator WinForms\Password Generator WinForms.csproj", "{5E01BA64-9AFF-4876-893A-A96DA4B1948A}"
EndProject
Global
	GlobalSection(SolutionConfigurationPlatforms) = preSolution
		Debug|Any CPU = Debug|Any CPU
		Release|Any CPU = Release|Any CPU
	EndGlobalSection
	GlobalSection(ProjectConfigurationPlatforms) = postSolution
		{F1B70810-6B69-4866-B580-1BCD528EC65E}.Debug|Any CPU.ActiveCfg = Debug|Any CPU
		{F1B70810-6B69-4866-B580-1BCD528EC65E}.Debug|Any CPU.Build.0 = Debug|Any CPU
		{F1B70810-6B69-4866-B580-1BCD528EC65E}.Release|Any CPU.ActiveCfg = Release|Any CPU
		{F1B70810-6B69-4866-B580-1BCD528EC65E}.Release|Any CPU.Build.0 = Release|Any CPU
		{5E01BA64-9AFF-4876-893A-A96DA4B1948A}.Debug|Any CPU.ActiveCfg = Debug|Any CPU
		{5E01BA64-9AFF-4876-893A-A96DA4B1948A}.Debug|Any CPU.Build.0 = Debug|Any CPU
		{5E01BA64-9AFF-4876-893A-A96DA4B1948A}.Release|Any CPU.ActiveCfg = Release|Any CPU
		{5E01BA64-9AFF-4876-893A-A96DA4B1948A}.Release|Any CPU.Build.0 = Release|Any CPU
	EndGlobalSection
	GlobalSection(SolutionProperties) = preSolution
		HideSolutionNode = FALSE
	EndGlobalSection
	GlobalSection(ExtensibilityGlobals) = postSolution
		SolutionGuid = {426B38C2-3BFF-4341-B6C7-7C5F59C05719}
	EndGlobalSection
EndGlobal
